
Microsoft Visual Studio Solution File, Format Version 12.00
# Visual Studio Version 17
VisualStudioVersion = 17.5.33103.201
MinimumVisualStudioVersion = 10.0.40219.1
Project("{FAE04EC0-301F-11D3-BF4B-00C04F79EFBC}") = "gyou", "gyou\gyou.csproj", "{DECF1F1B-A497-4AA8-BEE1-F3437C9B991F}"
EndProject
Global
	GlobalSection(SolutionConfigurationPlatforms) = preSolution
		Debug|Any CPU = Debug|Any CPU
		Release|Any CPU = Release|Any CPU
	EndGlobalSection
	GlobalSection(ProjectConfigurationPlatforms) = postSolution
		{DECF1F1B-A497-4AA8-BEE1-F3437C9B991F}.Debug|Any CPU.ActiveCfg = Debug|Any CPU
		{DECF1F1B-A497-4AA8-BEE1-F3437C9B991F}.Debug|Any CPU.Build.0 = Debug|Any CPU
		{DECF1F1B-A497-4AA8-BEE1-F3437C9B991F}.Release|Any CPU.ActiveCfg = Release|Any CPU
		{DECF1F1B-A497-4AA8-BEE1-F3437C9B991F}.Release|Any CPU.Build.0 = Release|Any CPU
	EndGlobalSection
	GlobalSection(SolutionProperties) = preSolution
		HideSolutionNode = FALSE
	EndGlobalSection
	GlobalSection(ExtensibilityGlobals) = postSolution
		SolutionGuid = {1FCE3851-57D9-49C3-9C8B-B77C4C88C545}
	EndGlobalSection
EndGlobal
